
Microsoft Visual Studio Solution File, Format Version 12.00
# Visual Studio Version 17
VisualStudioVersion = 17.1.32328.378
MinimumVisualStudioVersion = 10.0.40219.1
Project("{9A19103F-16F7-4668-BE54-9A1E7A4F7556}") = "SeatSave.Api", "SeatSave.Api\SeatSave.Api.csproj", "{ED772522-E1CD-43D1-854B-A6B169B35C49}"
EndProject
Project("{9A19103F-16F7-4668-BE54-9A1E7A4F7556}") = "SeatSave.Core", "SeatSave.Core\SeatSave.Core.csproj", "{68040DE3-F17D-44BF-BC8F-DE93BD03A2EC}"
EndProject
Project("{9A19103F-16F7-4668-BE54-9A1E7A4F7556}") = "SeatSave.EF", "SeatSave.EF\SeatSave.EF.csproj", "{D08439A9-1EEA-48A6-AD9D-11BB16E2E81E}"
EndProject
Project("{9A19103F-16F7-4668-BE54-9A1E7A4F7556}") = "SeatSave.Test", "SeatSave.Test\SeatSave.Test.csproj", "{BAEAB49C-6032-4281-81EA-4D45FBA260EB}"
EndProject
Project("{2150E333-8FDC-42A3-9474-1A3956D46DE8}") = "Solution Items", "Solution Items", "{DCFCBBA7-142C-4F61-AB67-040418108552}"
EndProject
Project("{9A19103F-16F7-4668-BE54-9A1E7A4F7556}") = "SeatSave.Scratch", "SeatSave.Scratch\SeatSave.Scratch.csproj", "{EAEA1900-2E2E-45D1-9081-43A5BB3B9852}"
EndProject
Project("{FAE04EC0-301F-11D3-BF4B-00C04F79EFBC}") = "SeatSave.Trigger", "SeatSave.Trigger\SeatSave.Trigger.csproj", "{90A80D3E-4BF2-45ED-A482-1D4E5524160A}"
EndProject
Global
	GlobalSection(SolutionConfigurationPlatforms) = preSolution
		Debug|Any CPU = Debug|Any CPU
		Release|Any CPU = Release|Any CPU
	EndGlobalSection
	GlobalSection(ProjectConfigurationPlatforms) = postSolution
		{ED772522-E1CD-43D1-854B-A6B169B35C49}.Debug|Any CPU.ActiveCfg = Debug|Any CPU
		{ED772522-E1CD-43D1-854B-A6B169B35C49}.Debug|Any CPU.Build.0 = Debug|Any CPU
		{ED772522-E1CD-43D1-854B-A6B169B35C49}.Release|Any CPU.ActiveCfg = Release|Any CPU
		{ED772522-E1CD-43D1-854B-A6B169B35C49}.Release|Any CPU.Build.0 = Release|Any CPU
		{68040DE3-F17D-44BF-BC8F-DE93BD03A2EC}.Debug|Any CPU.ActiveCfg = Debug|Any CPU
		{68040DE3-F17D-44BF-BC8F-DE93BD03A2EC}.Debug|Any CPU.Build.0 = Debug|Any CPU
		{68040DE3-F17D-44BF-BC8F-DE93BD03A2EC}.Release|Any CPU.ActiveCfg = Release|Any CPU
		{68040DE3-F17D-44BF-BC8F-DE93BD03A2EC}.Release|Any CPU.Build.0 = Release|Any CPU
		{D08439A9-1EEA-48A6-AD9D-11BB16E2E81E}.Debug|Any CPU.ActiveCfg = Debug|Any CPU
		{D08439A9-1EEA-48A6-AD9D-11BB16E2E81E}.Debug|Any CPU.Build.0 = Debug|Any CPU
		{D08439A9-1EEA-48A6-AD9D-11BB16E2E81E}.Release|Any CPU.ActiveCfg = Release|Any CPU
		{D08439A9-1EEA-48A6-AD9D-11BB16E2E81E}.Release|Any CPU.Build.0 = Release|Any CPU
		{BAEAB49C-6032-4281-81EA-4D45FBA260EB}.Debug|Any CPU.ActiveCfg = Debug|Any CPU
		{BAEAB49C-6032-4281-81EA-4D45FBA260EB}.Debug|Any CPU.Build.0 = Debug|Any CPU
		{BAEAB49C-6032-4281-81EA-4D45FBA260EB}.Release|Any CPU.ActiveCfg = Release|Any CPU
		{BAEAB49C-6032-4281-81EA-4D45FBA260EB}.Release|Any CPU.Build.0 = Release|Any CPU
		{EAEA1900-2E2E-45D1-9081-43A5BB3B9852}.Debug|Any CPU.ActiveCfg = Debug|Any CPU
		{EAEA1900-2E2E-45D1-9081-43A5BB3B9852}.Debug|Any CPU.Build.0 = Debug|Any CPU
		{EAEA1900-2E2E-45D1-9081-43A5BB3B9852}.Release|Any CPU.ActiveCfg = Release|Any CPU
		{EAEA1900-2E2E-45D1-9081-43A5BB3B9852}.Release|Any CPU.Build.0 = Release|Any CPU
		{90A80D3E-4BF2-45ED-A482-1D4E5524160A}.Debug|Any CPU.ActiveCfg = Debug|Any CPU
		{90A80D3E-4BF2-45ED-A482-1D4E5524160A}.Debug|Any CPU.Build.0 = Debug|Any CPU
		{90A80D3E-4BF2-45ED-A482-1D4E5524160A}.Release|Any CPU.ActiveCfg = Release|Any CPU
		{90A80D3E-4BF2-45ED-A482-1D4E5524160A}.Release|Any CPU.Build.0 = Release|Any CPU
	EndGlobalSection
	GlobalSection(SolutionProperties) = preSolution
		HideSolutionNode = FALSE
	EndGlobalSection
	GlobalSection(ExtensibilityGlobals) = postSolution
		SolutionGuid = {44728289-2A01-49B4-B5E5-DCC51B4C2AB7}
	EndGlobalSection
EndGlobal
